
Microsoft Visual Studio Solution File, Format Version 12.00
# Visual Studio 15
VisualStudioVersion = 15.0.27004.2009
MinimumVisualStudioVersion = 10.0.40219.1
Project("{FAE04EC0-301F-11D3-BF4B-00C04F79EFBC}") = "RADLibrary", "RADLibrary\RADLibrary.csproj", "{E521372C-4203-4402-8938-60A2ABDE49FB}"
EndProject
Global
	GlobalSection(SolutionConfigurationPlatforms) = preSolution
		Debug|Any CPU = Debug|Any CPU
		Release|Any CPU = Release|Any CPU
	EndGlobalSection
	GlobalSection(ProjectConfigurationPlatforms) = postSolution
		{E521372C-4203-4402-8938-60A2ABDE49FB}.Debug|Any CPU.ActiveCfg = Debug|Any CPU
		{E521372C-4203-4402-8938-60A2ABDE49FB}.Debug|Any CPU.Build.0 = Debug|Any CPU
		{E521372C-4203-4402-8938-60A2ABDE49FB}.Release|Any CPU.ActiveCfg = Release|Any CPU
		{E521372C-4203-4402-8938-60A2ABDE49FB}.Release|Any CPU.Build.0 = Release|Any CPU
	EndGlobalSection
	GlobalSection(SolutionProperties) = preSolution
		HideSolutionNode = FALSE
	EndGlobalSection
	GlobalSection(ExtensibilityGlobals) = postSolution
		SolutionGuid = {4AA5457F-2A78-4F17-B8F0-EF86EE67F558}
	EndGlobalSection
EndGlobal
